
Microsoft Visual Studio Solution File, Format Version 12.00
# Visual Studio Version 17
VisualStudioVersion = 17.1.32414.318
MinimumVisualStudioVersion = 10.0.40219.1
Project("{FAE04EC0-301F-11D3-BF4B-00C04F79EFBC}") = "Trendyoluygulamasi.Android", "Trendyoluygulamasi\Trendyoluygulamasi.Android\Trendyoluygulamasi.Android.csproj", "{4C2B4EAB-C56C-45FB-AD1E-A4FBCC56B57F}"
EndProject
Project("{FAE04EC0-301F-11D3-BF4B-00C04F79EFBC}") = "Trendyoluygulamasi.iOS", "Trendyoluygulamasi\Trendyoluygulamasi.iOS\Trendyoluygulamasi.iOS.csproj", "{892D592A-C822-47D3-9800-537AF923EDD8}"
EndProject
Project("{9A19103F-16F7-4668-BE54-9A1E7A4F7556}") = "Trendyoluygulamasi", "Trendyoluygulamasi\Trendyoluygulamasi\Trendyoluygulamasi.csproj", "{29013B69-86B1-47FE-AF1C-2413975759B4}"
EndProject
Project("{2150E333-8FDC-42A3-9474-1A3956D46DE8}") = "Solution Items", "Solution Items", "{E01C08BB-928A-4A6E-A2B4-C669542C1BA6}"
	ProjectSection(SolutionItems) = preProject
		.editorconfig = .editorconfig
	EndProjectSection
EndProject
Global
	GlobalSection(SolutionConfigurationPlatforms) = preSolution
		Debug|Any CPU = Debug|Any CPU
		Debug|iPhone = Debug|iPhone
		Debug|iPhoneSimulator = Debug|iPhoneSimulator
		Release|Any CPU = Release|Any CPU
		Release|iPhone = Release|iPhone
		Release|iPhoneSimulator = Release|iPhoneSimulator
	EndGlobalSection
	GlobalSection(ProjectConfigurationPlatforms) = postSolution
		{4C2B4EAB-C56C-45FB-AD1E-A4FBCC56B57F}.Debug|Any CPU.ActiveCfg = Debug|Any CPU
		{4C2B4EAB-C56C-45FB-AD1E-A4FBCC56B57F}.Debug|Any CPU.Build.0 = Debug|Any CPU
		{4C2B4EAB-C56C-45FB-AD1E-A4FBCC56B57F}.Debug|Any CPU.Deploy.0 = Debug|Any CPU
		{4C2B4EAB-C56C-45FB-AD1E-A4FBCC56B57F}.Debug|iPhone.ActiveCfg = Debug|Any CPU
		{4C2B4EAB-C56C-45FB-AD1E-A4FBCC56B57F}.Debug|iPhone.Build.0 = Debug|Any CPU
		{4C2B4EAB-C56C-45FB-AD1E-A4FBCC56B57F}.Debug|iPhone.Deploy.0 = Debug|Any CPU
		{4C2B4EAB-C56C-45FB-AD1E-A4FBCC56B57F}.Debug|iPhoneSimulator.ActiveCfg = Debug|Any CPU
		{4C2B4EAB-C56C-45FB-AD1E-A4FBCC56B57F}.Debug|iPhoneSimulator.Build.0 = Debug|Any CPU
		{4C2B4EAB-C56C-45FB-AD1E-A4FBCC56B57F}.Debug|iPhoneSimulator.Deploy.0 = Debug|Any CPU
		{4C2B4EAB-C56C-45FB-AD1E-A4FBCC56B57F}.Release|Any CPU.ActiveCfg = Release|Any CPU
		{4C2B4EAB-C56C-45FB-AD1E-A4FBCC56B57F}.Release|Any CPU.Build.0 = Release|Any CPU
		{4C2B4EAB-C56C-45FB-AD1E-A4FBCC56B57F}.Release|Any CPU.Deploy.0 = Release|Any CPU
		{4C2B4EAB-C56C-45FB-AD1E-A4FBCC56B57F}.Release|iPhone.ActiveCfg = Release|Any CPU
		{4C2B4EAB-C56C-45FB-AD1E-A4FBCC56B57F}.Release|iPhone.Build.0 = Release|Any CPU
		{4C2B4EAB-C56C-45FB-AD1E-A4FBCC56B57F}.Release|iPhone.Deploy.0 = Release|Any CPU
		{4C2B4EAB-C56C-45FB-AD1E-A4FBCC56B57F}.Release|iPhoneSimulator.ActiveCfg = Release|Any CPU
		{4C2B4EAB-C56C-45FB-AD1E-A4FBCC56B57F}.Release|iPhoneSimulator.Build.0 = Release|Any CPU
		{4C2B4EAB-C56C-45FB-AD1E-A4FBCC56B57F}.Release|iPhoneSimulator.Deploy.0 = Release|Any CPU
		{892D592A-C822-47D3-9800-537AF923EDD8}.Debug|Any CPU.ActiveCfg = Debug|iPhone
		{892D592A-C822-47D3-9800-537AF923EDD8}.Debug|Any CPU.Build.0 = Debug|iPhone
		{892D592A-C822-47D3-9800-537AF923EDD8}.Debug|Any CPU.Deploy.0 = Debug|iPhone
		{892D592A-C822-47D3-9800-537AF923EDD8}.Debug|iPhone.ActiveCfg = Debug|iPhone
		{892D592A-C822-47D3-9800-537AF923EDD8}.Debug|iPhone.Build.0 = Debug|iPhone
		{892D592A-C822-47D3-9800-537AF923EDD8}.Debug|iPhone.Deploy.0 = Debug|iPhone
		{892D592A-C822-47D3-9800-537AF923EDD8}.Debug|iPhoneSimulator.ActiveCfg = Debug|iPhoneSimulator
		{892D592A-C822-47D3-9800-537AF923EDD8}.Debug|iPhoneSimulator.Build.0 = Debug|iPhoneSimulator
		{892D592A-C822-47D3-9800-537AF923EDD8}.Debug|iPhoneSimulator.Deploy.0 = Debug|iPhoneSimulator
		{892D592A-C822-47D3-9800-537AF923EDD8}.Release|Any CPU.ActiveCfg = Release|iPhoneSimulator
		{892D592A-C822-47D3-9800-537AF923EDD8}.Release|Any CPU.Build.0 = Release|iPhoneSimulator
		{892D592A-C822-47D3-9800-537AF923EDD8}.Release|Any CPU.Deploy.0 = Release|iPhoneSimulator
		{892D592A-C822-47D3-9800-537AF923EDD8}.Release|iPhone.ActiveCfg = Release|iPhone
		{892D592A-C822-47D3-9800-537AF923EDD8}.Release|iPhone.Build.0 = Release|iPhone
		{892D592A-C822-47D3-9800-537AF923EDD8}.Release|iPhone.Deploy.0 = Release|iPhone
		{892D592A-C822-47D3-9800-537AF923EDD8}.Release|iPhoneSimulator.ActiveCfg = Release|iPhoneSimulator
		{892D592A-C822-47D3-9800-537AF923EDD8}.Release|iPhoneSimulator.Build.0 = Release|iPhoneSimulator
		{892D592A-C822-47D3-9800-537AF923EDD8}.Release|iPhoneSimulator.Deploy.0 = Release|iPhoneSimulator
		{29013B69-86B1-47FE-AF1C-2413975759B4}.Debug|Any CPU.ActiveCfg = Debug|Any CPU
		{29013B69-86B1-47FE-AF1C-2413975759B4}.Debug|Any CPU.Build.0 = Debug|Any CPU
		{29013B69-86B1-47FE-AF1C-2413975759B4}.Debug|Any CPU.Deploy.0 = Debug|Any CPU
		{29013B69-86B1-47FE-AF1C-2413975759B4}.Debug|iPhone.ActiveCfg = Debug|Any CPU
		{29013B69-86B1-47FE-AF1C-2413975759B4}.Debug|iPhone.Build.0 = Debug|Any CPU
		{29013B69-86B1-47FE-AF1C-2413975759B4}.Debug|iPhone.Deploy.0 = Debug|Any CPU
		{29013B69-86B1-47FE-AF1C-2413975759B4}.Debug|iPhoneSimulator.ActiveCfg = Debug|Any CPU
		{29013B69-86B1-47FE-AF1C-2413975759B4}.Debug|iPhoneSimulator.Build.0 = Debug|Any CPU
		{29013B69-86B1-47FE-AF1C-2413975759B4}.Debug|iPhoneSimulator.Deploy.0 = Debug|Any CPU
		{29013B69-86B1-47FE-AF1C-2413975759B4}.Release|Any CPU.ActiveCfg = Release|Any CPU
		{29013B69-86B1-47FE-AF1C-2413975759B4}.Release|Any CPU.Build.0 = Release|Any CPU
		{29013B69-86B1-47FE-AF1C-2413975759B4}.Release|Any CPU.Deploy.0 = Release|Any CPU
		{29013B69-86B1-47FE-AF1C-2413975759B4}.Release|iPhone.ActiveCfg = Release|Any CPU
		{29013B69-86B1-47FE-AF1C-2413975759B4}.Release|iPhone.Build.0 = Release|Any CPU
		{29013B69-86B1-47FE-AF1C-2413975759B4}.Release|iPhone.Deploy.0 = Release|Any CPU
		{29013B69-86B1-47FE-AF1C-2413975759B4}.Release|iPhoneSimulator.ActiveCfg = Release|Any CPU
		{29013B69-86B1-47FE-AF1C-2413975759B4}.Release|iPhoneSimulator.Build.0 = Release|Any CPU
		{29013B69-86B1-47FE-AF1C-2413975759B4}.Release|iPhoneSimulator.Deploy.0 = Release|Any CPU
	EndGlobalSection
	GlobalSection(SolutionProperties) = preSolution
		HideSolutionNode = FALSE
	EndGlobalSection
	GlobalSection(ExtensibilityGlobals) = postSolution
		SolutionGuid = {1160E041-0919-4FD7-BE05-FD79EAE47FF4}
	EndGlobalSection
EndGlobal
